
Microsoft Visual Studio Solution File, Format Version 12.00
# Visual Studio 15
VisualStudioVersion = 15.0.27703.2000
MinimumVisualStudioVersion = 10.0.40219.1
Project("{9A19103F-16F7-4668-BE54-9A1E7A4F7556}") = "FairShare.Server.Domain", "FairShare.Server.Domain\FairShare.Server.Domain.csproj", "{DFEB1D15-8ED9-4B0F-AEAE-120E44F314FC}"
EndProject
Project("{9A19103F-16F7-4668-BE54-9A1E7A4F7556}") = "FairShare.Server.Infrastructure", "FairShare.Server.Infrastructure\FairShare.Server.Infrastructure.csproj", "{A45EE073-B273-4369-9B91-0FD6F53189FD}"
EndProject
Project("{9A19103F-16F7-4668-BE54-9A1E7A4F7556}") = "FairShare.Server.WebApi", "FairShare.Server.WebApi\FairShare.Server.WebApi.csproj", "{CA16C535-BE28-4410-AA8A-7AB0B3D7B24A}"
EndProject
Project("{FAE04EC0-301F-11D3-BF4B-00C04F79EFBC}") = "FairShare.Server.Identity", "FairShare.Server.Identity\FairShare.Server.Identity.csproj", "{7B15C9DC-7095-417E-B8E0-24CBFE2ED3CA}"
EndProject
Global
	GlobalSection(SolutionConfigurationPlatforms) = preSolution
		Debug|Any CPU = Debug|Any CPU
		Release|Any CPU = Release|Any CPU
	EndGlobalSection
	GlobalSection(ProjectConfigurationPlatforms) = postSolution
		{DFEB1D15-8ED9-4B0F-AEAE-120E44F314FC}.Debug|Any CPU.ActiveCfg = Debug|Any CPU
		{DFEB1D15-8ED9-4B0F-AEAE-120E44F314FC}.Debug|Any CPU.Build.0 = Debug|Any CPU
		{DFEB1D15-8ED9-4B0F-AEAE-120E44F314FC}.Release|Any CPU.ActiveCfg = Release|Any CPU
		{DFEB1D15-8ED9-4B0F-AEAE-120E44F314FC}.Release|Any CPU.Build.0 = Release|Any CPU
		{A45EE073-B273-4369-9B91-0FD6F53189FD}.Debug|Any CPU.ActiveCfg = Debug|Any CPU
		{A45EE073-B273-4369-9B91-0FD6F53189FD}.Debug|Any CPU.Build.0 = Debug|Any CPU
		{A45EE073-B273-4369-9B91-0FD6F53189FD}.Release|Any CPU.ActiveCfg = Release|Any CPU
		{A45EE073-B273-4369-9B91-0FD6F53189FD}.Release|Any CPU.Build.0 = Release|Any CPU
		{CA16C535-BE28-4410-AA8A-7AB0B3D7B24A}.Debug|Any CPU.ActiveCfg = Debug|Any CPU
		{CA16C535-BE28-4410-AA8A-7AB0B3D7B24A}.Debug|Any CPU.Build.0 = Debug|Any CPU
		{CA16C535-BE28-4410-AA8A-7AB0B3D7B24A}.Release|Any CPU.ActiveCfg = Release|Any CPU
		{CA16C535-BE28-4410-AA8A-7AB0B3D7B24A}.Release|Any CPU.Build.0 = Release|Any CPU
		{7B15C9DC-7095-417E-B8E0-24CBFE2ED3CA}.Debug|Any CPU.ActiveCfg = Debug|Any CPU
		{7B15C9DC-7095-417E-B8E0-24CBFE2ED3CA}.Debug|Any CPU.Build.0 = Debug|Any CPU
		{7B15C9DC-7095-417E-B8E0-24CBFE2ED3CA}.Release|Any CPU.ActiveCfg = Release|Any CPU
		{7B15C9DC-7095-417E-B8E0-24CBFE2ED3CA}.Release|Any CPU.Build.0 = Release|Any CPU
	EndGlobalSection
	GlobalSection(SolutionProperties) = preSolution
		HideSolutionNode = FALSE
	EndGlobalSection
	GlobalSection(ExtensibilityGlobals) = postSolution
		SolutionGuid = {D63AB24C-6940-451E-BB0B-03E659F71A15}
	EndGlobalSection
EndGlobal
